Microsoft Visual Studio Solution File, Format Version 12.00
# Visual Studio Version 17
VisualStudioVersion = 17.10.35122.118
MinimumVisualStudioVersion = 10.0.40219.1
Project("{9A19103F-16F7-4668-BE54-9A1E7A4F7556}") = "SAM.Core.LadybugTools", "SAM_LadybugTools\SAM_LadybugTools.Core\SAM.Core.LadybugTools.csproj", "{49F38E39-1BFB-4D06-89F9-11C694E432A7}"
EndProject
Project("{2150E333-8FDC-42A3-9474-1A3956D46DE8}") = "SAM", "SAM", "{8FEDD1FD-EC22-44E2-B55E-6047A314B1BC}"
EndProject
Project("{2150E333-8FDC-42A3-9474-1A3956D46DE8}") = "Grasshopper", "Grasshopper", "{C2111B6D-8BF2-4949-AC03-800D5D840EBF}"
EndProject
Project("{FAE04EC0-301F-11D3-BF4B-00C04F79EFBC}") = "SAM.Core.Grasshopper.LadybugTools", "Grasshopper\SAM_LadybugTools.Core.Grasshopper\SAM.Core.Grasshopper.LadybugTools.csproj", "{5D790E5E-371B-4977-8433-16CD78F14EFE}"
EndProject
Project("{FAE04EC0-301F-11D3-BF4B-00C04F79EFBC}") = "SAM.Geometry.Grasshopper.LadybugTools", "Grasshopper\SAM_LadybugTools.Geometry.Grasshopper\SAM.Geometry.Grasshopper.LadybugTools.csproj", "{B8F0EE34-A776-4518-ADA2-E047E468B47B}"
EndProject
Project("{9A19103F-16F7-4668-BE54-9A1E7A4F7556}") = "SAM.Geometry.LadybugTools", "SAM_LadybugTools\SAM_LadybugTools.Geometry\SAM.Geometry.LadybugTools.csproj", "{BDE9A395-97ED-4C05-8F2A-F086A511B238}"
EndProject
Project("{9A19103F-16F7-4668-BE54-9A1E7A4F7556}") = "SAM.Analytical.LadybugTools", "SAM_LadybugTools\SAM_LadybugTools.Analytical\SAM.Analytical.LadybugTools.csproj", "{7008CEF0-41AD-4C64-BF60-F5EAE4728E20}"
EndProject
Project("{FAE04EC0-301F-11D3-BF4B-00C04F79EFBC}") = "SAM.Analytical.Grasshopper.LadybugTools", "Grasshopper\SAM_LadybugTools.Analytical.Grasshopper\SAM.Analytical.Grasshopper.LadybugTools.csproj", "{B457C787-5258-4B14-98BE-61D8EE2C8E44}"
EndProject
Project("{2150E333-8FDC-42A3-9474-1A3956D46DE8}") = "UI", "UI", "{6CFF2919-45BF-42F7-8DF2-25E646FC7116}"
EndProject
Project("{FAE04EC0-301F-11D3-BF4B-00C04F79EFBC}") = "SAM.Analytical.LadybugTools.UI", "UI\SAM_LadybugTools.Analytical.UI\SAM.Analytical.LadybugTools.UI.csproj", "{36C88FD4-CF16-4428-8829-9A307E468049}"
EndProject
Global
	GlobalSection(SolutionConfigurationPlatforms) = preSolution
		Debug|Any CPU = Debug|Any CPU
		Release|Any CPU = Release|Any CPU
	EndGlobalSection
	GlobalSection(ProjectConfigurationPlatforms) = postSolution
		{49F38E39-1BFB-4D06-89F9-11C694E432A7}.Debug|Any CPU.ActiveCfg = Debug|Any CPU
		{49F38E39-1BFB-4D06-89F9-11C694E432A7}.Debug|Any CPU.Build.0 = Debug|Any CPU
		{49F38E39-1BFB-4D06-89F9-11C694E432A7}.Release|Any CPU.ActiveCfg = Release|Any CPU
		{49F38E39-1BFB-4D06-89F9-11C694E432A7}.Release|Any CPU.Build.0 = Release|Any CPU
		{5D790E5E-371B-4977-8433-16CD78F14EFE}.Debug|Any CPU.ActiveCfg = Debug|Any CPU
		{5D790E5E-371B-4977-8433-16CD78F14EFE}.Debug|Any CPU.Build.0 = Debug|Any CPU
		{5D790E5E-371B-4977-8433-16CD78F14EFE}.Release|Any CPU.ActiveCfg = Release|Any CPU
		{5D790E5E-371B-4977-8433-16CD78F14EFE}.Release|Any CPU.Build.0 = Release|Any CPU
		{B8F0EE34-A776-4518-ADA2-E047E468B47B}.Debug|Any CPU.ActiveCfg = Debug|Any CPU
		{B8F0EE34-A776-4518-ADA2-E047E468B47B}.Debug|Any CPU.Build.0 = Debug|Any CPU
		{B8F0EE34-A776-4518-ADA2-E047E468B47B}.Release|Any CPU.ActiveCfg = Release|Any CPU
		{B8F0EE34-A776-4518-ADA2-E047E468B47B}.Release|Any CPU.Build.0 = Release|Any CPU
		{BDE9A395-97ED-4C05-8F2A-F086A511B238}.Debug|Any CPU.ActiveCfg = Debug|Any CPU
		{BDE9A395-97ED-4C05-8F2A-F086A511B238}.Debug|Any CPU.Build.0 = Debug|Any CPU
		{BDE9A395-97ED-4C05-8F2A-F086A511B238}.Release|Any CPU.ActiveCfg = Release|Any CPU
		{BDE9A395-97ED-4C05-8F2A-F086A511B238}.Release|Any CPU.Build.0 = Release|Any CPU
		{7008CEF0-41AD-4C64-BF60-F5EAE4728E20}.Debug|Any CPU.ActiveCfg = Debug|Any CPU
		{7008CEF0-41AD-4C64-BF60-F5EAE4728E20}.Debug|Any CPU.Build.0 = Debug|Any CPU
		{7008CEF0-41AD-4C64-BF60-F5EAE4728E20}.Release|Any CPU.ActiveCfg = Release|Any CPU
		{7008CEF0-41AD-4C64-BF60-F5EAE4728E20}.Release|Any CPU.Build.0 = Release|Any CPU
		{B457C787-5258-4B14-98BE-61D8EE2C8E44}.Debug|Any CPU.ActiveCfg = Debug|Any CPU
		{B457C787-5258-4B14-98BE-61D8EE2C8E44}.Debug|Any CPU.Build.0 = Debug|Any CPU
		{B457C787-5258-4B14-98BE-61D8EE2C8E44}.Release|Any CPU.ActiveCfg = Release|Any CPU
		{B457C787-5258-4B14-98BE-61D8EE2C8E44}.Release|Any CPU.Build.0 = Release|Any CPU
		{36C88FD4-CF16-4428-8829-9A307E468049}.Debug|Any CPU.ActiveCfg = Debug|Any CPU
		{36C88FD4-CF16-4428-8829-9A307E468049}.Debug|Any CPU.Build.0 = Debug|Any CPU
		{36C88FD4-CF16-4428-8829-9A307E468049}.Release|Any CPU.ActiveCfg = Release|Any CPU
		{36C88FD4-CF16-4428-8829-9A307E468049}.Release|Any CPU.Build.0 = Release|Any CPU
	EndGlobalSection
	GlobalSection(SolutionProperties) = preSolution
		HideSolutionNode = FALSE
	EndGlobalSection
	GlobalSection(NestedProjects) = preSolution
		{49F38E39-1BFB-4D06-89F9-11C694E432A7} = {8FEDD1FD-EC22-44E2-B55E-6047A314B1BC}
		{5D790E5E-371B-4977-8433-16CD78F14EFE} = {C2111B6D-8BF2-4949-AC03-800D5D840EBF}
		{B8F0EE34-A776-4518-ADA2-E047E468B47B} = {C2111B6D-8BF2-4949-AC03-800D5D840EBF}
		{BDE9A395-97ED-4C05-8F2A-F086A511B238} = {8FEDD1FD-EC22-44E2-B55E-6047A314B1BC}
		{7008CEF0-41AD-4C64-BF60-F5EAE4728E20} = {8FEDD1FD-EC22-44E2-B55E-6047A314B1BC}
		{B457C787-5258-4B14-98BE-61D8EE2C8E44} = {C2111B6D-8BF2-4949-AC03-800D5D840EBF}
		{36C88FD4-CF16-4428-8829-9A307E468049} = {6CFF2919-45BF-42F7-8DF2-25E646FC7116}
	EndGlobalSection
	GlobalSection(ExtensibilityGlobals) = postSolution
		SolutionGuid = {2D2B8C43-530E-4B5A-9667-52C3D13B716E}
	EndGlobalSection
EndGlobal
