
Microsoft Visual Studio Solution File, Format Version 12.00
# Visual Studio Version 16
VisualStudioVersion = 16.0.29519.181
MinimumVisualStudioVersion = 10.0.40219.1
Project("{FAE04EC0-301F-11D3-BF4B-00C04F79EFBC}") = "SAM.Core.LadybugTools", "SAM_LadybugTools\SAM_LadybugTools.Core\SAM.Core.LadybugTools.csproj", "{49F38E39-1BFB-4D06-89F9-11C694E432A7}"
EndProject
Project("{2150E333-8FDC-42A3-9474-1A3956D46DE8}") = "Dynamo", "Dynamo", "{56AB966A-881A-4A82-919E-83D49D778862}"
EndProject
Project("{2150E333-8FDC-42A3-9474-1A3956D46DE8}") = "SAM", "SAM", "{8FEDD1FD-EC22-44E2-B55E-6047A314B1BC}"
EndProject
Project("{2150E333-8FDC-42A3-9474-1A3956D46DE8}") = "Grasshopper", "Grasshopper", "{C2111B6D-8BF2-4949-AC03-800D5D840EBF}"
EndProject
Project("{FAE04EC0-301F-11D3-BF4B-00C04F79EFBC}") = "SAMLadybugToolsCoreDynamo", "Dynamo\SAMLadybugToolsCoreDynamo\SAMLadybugToolsCoreDynamo.csproj", "{D3BD3FFB-9C66-49A6-B030-6CB70D5EBC06}"
EndProject
Project("{FAE04EC0-301F-11D3-BF4B-00C04F79EFBC}") = "SAM.Core.Grasshopper.LadybugTools", "Grasshopper\SAM_LadybugTools.Core.Grasshopper\SAM.Core.Grasshopper.LadybugTools.csproj", "{5D790E5E-371B-4977-8433-16CD78F14EFE}"
EndProject
Project("{FAE04EC0-301F-11D3-BF4B-00C04F79EFBC}") = "SAM.Geometry.Grasshopper.LadybugTools", "Grasshopper\SAM_LadybugTools.Geometry.Grasshopper\SAM.Geometry.Grasshopper.LadybugTools.csproj", "{B8F0EE34-A776-4518-ADA2-E047E468B47B}"
EndProject
Global
	GlobalSection(SolutionConfigurationPlatforms) = preSolution
		Debug|Any CPU = Debug|Any CPU
		Release|Any CPU = Release|Any CPU
	EndGlobalSection
	GlobalSection(ProjectConfigurationPlatforms) = postSolution
		{49F38E39-1BFB-4D06-89F9-11C694E432A7}.Debug|Any CPU.ActiveCfg = Debug|Any CPU
		{49F38E39-1BFB-4D06-89F9-11C694E432A7}.Debug|Any CPU.Build.0 = Debug|Any CPU
		{49F38E39-1BFB-4D06-89F9-11C694E432A7}.Release|Any CPU.ActiveCfg = Release|Any CPU
		{49F38E39-1BFB-4D06-89F9-11C694E432A7}.Release|Any CPU.Build.0 = Release|Any CPU
		{D3BD3FFB-9C66-49A6-B030-6CB70D5EBC06}.Debug|Any CPU.ActiveCfg = Debug|Any CPU
		{D3BD3FFB-9C66-49A6-B030-6CB70D5EBC06}.Debug|Any CPU.Build.0 = Debug|Any CPU
		{D3BD3FFB-9C66-49A6-B030-6CB70D5EBC06}.Release|Any CPU.ActiveCfg = Release|Any CPU
		{D3BD3FFB-9C66-49A6-B030-6CB70D5EBC06}.Release|Any CPU.Build.0 = Release|Any CPU
		{5D790E5E-371B-4977-8433-16CD78F14EFE}.Debug|Any CPU.ActiveCfg = Debug|Any CPU
		{5D790E5E-371B-4977-8433-16CD78F14EFE}.Debug|Any CPU.Build.0 = Debug|Any CPU
		{5D790E5E-371B-4977-8433-16CD78F14EFE}.Release|Any CPU.ActiveCfg = Release|Any CPU
		{5D790E5E-371B-4977-8433-16CD78F14EFE}.Release|Any CPU.Build.0 = Release|Any CPU
		{B8F0EE34-A776-4518-ADA2-E047E468B47B}.Debug|Any CPU.ActiveCfg = Debug|Any CPU
		{B8F0EE34-A776-4518-ADA2-E047E468B47B}.Debug|Any CPU.Build.0 = Debug|Any CPU
		{B8F0EE34-A776-4518-ADA2-E047E468B47B}.Release|Any CPU.ActiveCfg = Release|Any CPU
		{B8F0EE34-A776-4518-ADA2-E047E468B47B}.Release|Any CPU.Build.0 = Release|Any CPU
	EndGlobalSection
	GlobalSection(SolutionProperties) = preSolution
		HideSolutionNode = FALSE
	EndGlobalSection
	GlobalSection(NestedProjects) = preSolution
		{49F38E39-1BFB-4D06-89F9-11C694E432A7} = {8FEDD1FD-EC22-44E2-B55E-6047A314B1BC}
		{D3BD3FFB-9C66-49A6-B030-6CB70D5EBC06} = {56AB966A-881A-4A82-919E-83D49D778862}
		{5D790E5E-371B-4977-8433-16CD78F14EFE} = {C2111B6D-8BF2-4949-AC03-800D5D840EBF}
		{B8F0EE34-A776-4518-ADA2-E047E468B47B} = {C2111B6D-8BF2-4949-AC03-800D5D840EBF}
	EndGlobalSection
	GlobalSection(ExtensibilityGlobals) = postSolution
		SolutionGuid = {2D2B8C43-530E-4B5A-9667-52C3D13B716E}
	EndGlobalSection
EndGlobal
